
Microsoft Visual Studio Solution File, Format Version 12.00
# Visual Studio Express 2013 for Windows Desktop
VisualStudioVersion = 12.0.40629.0
MinimumVisualStudioVersion = 10.0.40219.1
Project("{8BC9CEB8-8B4A-11D0-8D11-00A0C91BC942}") = "210lab4b", "210lab4b\210lab4b.vcxproj", "{DFAEFC91-5987-4744-BD74-756D7AE4110D}"
EndProject
Global
	GlobalSection(SolutionConfigurationPlatforms) = preSolution
		Debug|Win32 = Debug|Win32
		Release|Win32 = Release|Win32
	EndGlobalSection
	GlobalSection(ProjectConfigurationPlatforms) = postSolution
		{DFAEFC91-5987-4744-BD74-756D7AE4110D}.Debug|Win32.ActiveCfg = Debug|Win32
		{DFAEFC91-5987-4744-BD74-756D7AE4110D}.Debug|Win32.Build.0 = Debug|Win32
		{DFAEFC91-5987-4744-BD74-756D7AE4110D}.Release|Win32.ActiveCfg = Release|Win32
		{DFAEFC91-5987-4744-BD74-756D7AE4110D}.Release|Win32.Build.0 = Release|Win32
	EndGlobalSection
	GlobalSection(SolutionProperties) = preSolution
		HideSolutionNode = FALSE
	EndGlobalSection
EndGlobal
